
Microsoft Visual Studio Solution File, Format Version 12.00
Project("{FAE04EC0-301F-11D3-BF4B-00C04F79EFBC}") = "PR14", "PR14\PR14.csproj", "{B42BB542-4397-4B30-8C61-C7E8524E3658}"
EndProject
Global
	GlobalSection(SolutionConfigurationPlatforms) = preSolution
		Debug|Any CPU = Debug|Any CPU
		Release|Any CPU = Release|Any CPU
	EndGlobalSection
	GlobalSection(ProjectConfigurationPlatforms) = postSolution
		{B42BB542-4397-4B30-8C61-C7E8524E3658}.Debug|Any CPU.ActiveCfg = Debug|Any CPU
		{B42BB542-4397-4B30-8C61-C7E8524E3658}.Debug|Any CPU.Build.0 = Debug|Any CPU
		{B42BB542-4397-4B30-8C61-C7E8524E3658}.Release|Any CPU.ActiveCfg = Release|Any CPU
		{B42BB542-4397-4B30-8C61-C7E8524E3658}.Release|Any CPU.Build.0 = Release|Any CPU
	EndGlobalSection
EndGlobal
