
Microsoft Visual Studio Solution File, Format Version 12.00
Project("{FAE04EC0-301F-11D3-BF4B-00C04F79EFBC}") = "ClassLibrary_Stock", "ClassLibrary_Stock\ClassLibrary_Stock.csproj", "{B1AFCEC9-0A4F-4B83-B88C-A7B5028ECA5B}"
EndProject
Project("{FAE04EC0-301F-11D3-BF4B-00C04F79EFBC}") = "TestProject2", "TestProject2\TestProject2.csproj", "{490A7125-8AA3-4B35-82E4-2E4381FA51D2}"
EndProject
Project("{FAE04EC0-301F-11D3-BF4B-00C04F79EFBC}") = "WpfApp_Stock_021_EMA", "WpfApp_Stock_021_EMA\WpfApp_Stock_021_EMA.csproj", "{565B6B15-0E05-4FC0-A238-F75230E6D2E4}"
EndProject
Global
	GlobalSection(SolutionConfigurationPlatforms) = preSolution
		Debug|Any CPU = Debug|Any CPU
		Release|Any CPU = Release|Any CPU
	EndGlobalSection
	GlobalSection(ProjectConfigurationPlatforms) = postSolution
		{B1AFCEC9-0A4F-4B83-B88C-A7B5028ECA5B}.Debug|Any CPU.ActiveCfg = Debug|Any CPU
		{B1AFCEC9-0A4F-4B83-B88C-A7B5028ECA5B}.Debug|Any CPU.Build.0 = Debug|Any CPU
		{B1AFCEC9-0A4F-4B83-B88C-A7B5028ECA5B}.Release|Any CPU.ActiveCfg = Release|Any CPU
		{B1AFCEC9-0A4F-4B83-B88C-A7B5028ECA5B}.Release|Any CPU.Build.0 = Release|Any CPU
		{490A7125-8AA3-4B35-82E4-2E4381FA51D2}.Debug|Any CPU.ActiveCfg = Debug|Any CPU
		{490A7125-8AA3-4B35-82E4-2E4381FA51D2}.Debug|Any CPU.Build.0 = Debug|Any CPU
		{490A7125-8AA3-4B35-82E4-2E4381FA51D2}.Release|Any CPU.ActiveCfg = Release|Any CPU
		{490A7125-8AA3-4B35-82E4-2E4381FA51D2}.Release|Any CPU.Build.0 = Release|Any CPU
		{565B6B15-0E05-4FC0-A238-F75230E6D2E4}.Debug|Any CPU.ActiveCfg = Debug|Any CPU
		{565B6B15-0E05-4FC0-A238-F75230E6D2E4}.Debug|Any CPU.Build.0 = Debug|Any CPU
		{565B6B15-0E05-4FC0-A238-F75230E6D2E4}.Release|Any CPU.ActiveCfg = Release|Any CPU
		{565B6B15-0E05-4FC0-A238-F75230E6D2E4}.Release|Any CPU.Build.0 = Release|Any CPU
	EndGlobalSection
EndGlobal
