
Microsoft Visual Studio Solution File, Format Version 12.00
Project("{FAE04EC0-301F-11D3-BF4B-00C04F79EFBC}") = "ClassLibrary_Stock", "ClassLibrary_Stock\ClassLibrary_Stock.csproj", "{B1AFCEC9-0A4F-4B83-B88C-A7B5028ECA5B}"
EndProject
Global
	GlobalSection(SolutionConfigurationPlatforms) = preSolution
		Debug|Any CPU = Debug|Any CPU
		Release|Any CPU = Release|Any CPU
	EndGlobalSection
	GlobalSection(ProjectConfigurationPlatforms) = postSolution
		{B1AFCEC9-0A4F-4B83-B88C-A7B5028ECA5B}.Debug|Any CPU.ActiveCfg = Debug|Any CPU
		{B1AFCEC9-0A4F-4B83-B88C-A7B5028ECA5B}.Debug|Any CPU.Build.0 = Debug|Any CPU
		{B1AFCEC9-0A4F-4B83-B88C-A7B5028ECA5B}.Release|Any CPU.ActiveCfg = Release|Any CPU
		{B1AFCEC9-0A4F-4B83-B88C-A7B5028ECA5B}.Release|Any CPU.Build.0 = Release|Any CPU
	EndGlobalSection
EndGlobal
